
Microsoft Visual Studio Solution File, Format Version 12.00
# Visual Studio Version 16
VisualStudioVersion = 16.0.29025.244
MinimumVisualStudioVersion = 10.0.40219.1
Project("{FAE04EC0-301F-11D3-BF4B-00C04F79EFBC}") = "8.2.StackExercise", "8.2.StackExercise\8.2.StackExercise.csproj", "{73160BE3-EC9B-4B54-8221-771D3F7A5041}"
EndProject
Global
	GlobalSection(SolutionConfigurationPlatforms) = preSolution
		Debug|Any CPU = Debug|Any CPU
		Release|Any CPU = Release|Any CPU
	EndGlobalSection
	GlobalSection(ProjectConfigurationPlatforms) = postSolution
		{73160BE3-EC9B-4B54-8221-771D3F7A5041}.Debug|Any CPU.ActiveCfg = Debug|Any CPU
		{73160BE3-EC9B-4B54-8221-771D3F7A5041}.Debug|Any CPU.Build.0 = Debug|Any CPU
		{73160BE3-EC9B-4B54-8221-771D3F7A5041}.Release|Any CPU.ActiveCfg = Release|Any CPU
		{73160BE3-EC9B-4B54-8221-771D3F7A5041}.Release|Any CPU.Build.0 = Release|Any CPU
	EndGlobalSection
	GlobalSection(SolutionProperties) = preSolution
		HideSolutionNode = FALSE
	EndGlobalSection
	GlobalSection(ExtensibilityGlobals) = postSolution
		SolutionGuid = {308DB419-546D-42F4-A3EC-566798FEBBB4}
	EndGlobalSection
EndGlobal
